
Microsoft Visual Studio Solution File, Format Version 12.00
# Visual Studio Version 16
VisualStudioVersion = 16.0.31424.327
MinimumVisualStudioVersion = 10.0.40219.1
Project("{FAE04EC0-301F-11D3-BF4B-00C04F79EFBC}") = "JacobPlateauMission", "JacobPlateauMission.csproj", "{65F1CFB4-7AD2-4144-8DBE-9AAC97C95147}"
EndProject
Project("{FAE04EC0-301F-11D3-BF4B-00C04F79EFBC}") = "JacobPlateauMissionTest", "..\JacobPlateauMissionTest\JacobPlateauMissionTest.csproj", "{59B39B99-2250-4A9D-8566-8B35D45C62E3}"
EndProject
Global
	GlobalSection(SolutionConfigurationPlatforms) = preSolution
		Debug|Any CPU = Debug|Any CPU
		Release|Any CPU = Release|Any CPU
	EndGlobalSection
	GlobalSection(ProjectConfigurationPlatforms) = postSolution
		{65F1CFB4-7AD2-4144-8DBE-9AAC97C95147}.Debug|Any CPU.ActiveCfg = Debug|Any CPU
		{65F1CFB4-7AD2-4144-8DBE-9AAC97C95147}.Debug|Any CPU.Build.0 = Debug|Any CPU
		{65F1CFB4-7AD2-4144-8DBE-9AAC97C95147}.Release|Any CPU.ActiveCfg = Release|Any CPU
		{65F1CFB4-7AD2-4144-8DBE-9AAC97C95147}.Release|Any CPU.Build.0 = Release|Any CPU
		{59B39B99-2250-4A9D-8566-8B35D45C62E3}.Debug|Any CPU.ActiveCfg = Debug|Any CPU
		{59B39B99-2250-4A9D-8566-8B35D45C62E3}.Debug|Any CPU.Build.0 = Debug|Any CPU
		{59B39B99-2250-4A9D-8566-8B35D45C62E3}.Release|Any CPU.ActiveCfg = Release|Any CPU
		{59B39B99-2250-4A9D-8566-8B35D45C62E3}.Release|Any CPU.Build.0 = Release|Any CPU
	EndGlobalSection
	GlobalSection(SolutionProperties) = preSolution
		HideSolutionNode = FALSE
	EndGlobalSection
	GlobalSection(ExtensibilityGlobals) = postSolution
		SolutionGuid = {C386B831-B3A5-4F36-9DFA-CB90812BF6CB}
	EndGlobalSection
EndGlobal
